
Microsoft Visual Studio Solution File, Format Version 12.00
# Visual Studio Version 16
VisualStudioVersion = 16.0.30523.141
MinimumVisualStudioVersion = 10.0.40219.1
Project("{FAE04EC0-301F-11D3-BF4B-00C04F79EFBC}") = "Accounting.APP", "Accounting.APP\Accounting.APP.csproj", "{2C41FB30-FDBD-44C5-8AE0-B42B581E8CB5}"
EndProject
Project("{FAE04EC0-301F-11D3-BF4B-00C04F79EFBC}") = "Accounting.DataLayer", "Accounting.DataLayer\Accounting.DataLayer.csproj", "{7A81E1CB-308D-4F74-A4C9-D8CC0B15830B}"
EndProject
Project("{FAE04EC0-301F-11D3-BF4B-00C04F79EFBC}") = "Accounting.ViewModels", "Accounting.ViewModels\Accounting.ViewModels.csproj", "{22F7703E-7C24-4A69-A73C-03AF6C45B059}"
EndProject
Project("{FAE04EC0-301F-11D3-BF4B-00C04F79EFBC}") = "Accounting.Business", "Accounting.Business\Accounting.Business.csproj", "{6F367035-5A47-46B9-AB1D-4CD203B36B8D}"
EndProject
Project("{FAE04EC0-301F-11D3-BF4B-00C04F79EFBC}") = "Accounting.Utlity", "Accounting.Utlity\Accounting.Utlity.csproj", "{8FEF5D7E-C5BB-4EEE-9CDF-972E8014759C}"
EndProject
Global
	GlobalSection(SolutionConfigurationPlatforms) = preSolution
		Debug|Any CPU = Debug|Any CPU
		Release|Any CPU = Release|Any CPU
	EndGlobalSection
	GlobalSection(ProjectConfigurationPlatforms) = postSolution
		{2C41FB30-FDBD-44C5-8AE0-B42B581E8CB5}.Debug|Any CPU.ActiveCfg = Debug|Any CPU
		{2C41FB30-FDBD-44C5-8AE0-B42B581E8CB5}.Debug|Any CPU.Build.0 = Debug|Any CPU
		{2C41FB30-FDBD-44C5-8AE0-B42B581E8CB5}.Release|Any CPU.ActiveCfg = Release|Any CPU
		{2C41FB30-FDBD-44C5-8AE0-B42B581E8CB5}.Release|Any CPU.Build.0 = Release|Any CPU
		{7A81E1CB-308D-4F74-A4C9-D8CC0B15830B}.Debug|Any CPU.ActiveCfg = Debug|Any CPU
		{7A81E1CB-308D-4F74-A4C9-D8CC0B15830B}.Debug|Any CPU.Build.0 = Debug|Any CPU
		{7A81E1CB-308D-4F74-A4C9-D8CC0B15830B}.Release|Any CPU.ActiveCfg = Release|Any CPU
		{7A81E1CB-308D-4F74-A4C9-D8CC0B15830B}.Release|Any CPU.Build.0 = Release|Any CPU
		{22F7703E-7C24-4A69-A73C-03AF6C45B059}.Debug|Any CPU.ActiveCfg = Debug|Any CPU
		{22F7703E-7C24-4A69-A73C-03AF6C45B059}.Debug|Any CPU.Build.0 = Debug|Any CPU
		{22F7703E-7C24-4A69-A73C-03AF6C45B059}.Release|Any CPU.ActiveCfg = Release|Any CPU
		{22F7703E-7C24-4A69-A73C-03AF6C45B059}.Release|Any CPU.Build.0 = Release|Any CPU
		{6F367035-5A47-46B9-AB1D-4CD203B36B8D}.Debug|Any CPU.ActiveCfg = Debug|Any CPU
		{6F367035-5A47-46B9-AB1D-4CD203B36B8D}.Debug|Any CPU.Build.0 = Debug|Any CPU
		{6F367035-5A47-46B9-AB1D-4CD203B36B8D}.Release|Any CPU.ActiveCfg = Release|Any CPU
		{6F367035-5A47-46B9-AB1D-4CD203B36B8D}.Release|Any CPU.Build.0 = Release|Any CPU
		{8FEF5D7E-C5BB-4EEE-9CDF-972E8014759C}.Debug|Any CPU.ActiveCfg = Debug|Any CPU
		{8FEF5D7E-C5BB-4EEE-9CDF-972E8014759C}.Debug|Any CPU.Build.0 = Debug|Any CPU
		{8FEF5D7E-C5BB-4EEE-9CDF-972E8014759C}.Release|Any CPU.ActiveCfg = Release|Any CPU
		{8FEF5D7E-C5BB-4EEE-9CDF-972E8014759C}.Release|Any CPU.Build.0 = Release|Any CPU
	EndGlobalSection
	GlobalSection(SolutionProperties) = preSolution
		HideSolutionNode = FALSE
	EndGlobalSection
	GlobalSection(ExtensibilityGlobals) = postSolution
		SolutionGuid = {956F6EA5-63CD-4E3F-8963-47070B086928}
	EndGlobalSection
EndGlobal
